{
  "name": "node-red-contrib-prib-functions",
  "version": "0.9.3",
  "lockfileVersion": 1,
  "requires": true,
  "dependencies": {
    "node-red-contrib-logger": {
      "version": "0.0.1",
      "resolved": "https://registry.npmjs.org/node-red-contrib-logger/-/node-red-contrib-logger-0.0.1.tgz",
      "integrity": "sha512-BjqKd3uaEFQ1JK8H3ux1ROnYQ4cXJBGO4irfut/SCQ8QotjRKJio5yULhZjbFB7UIbgKivp/Y5uu3YBqLa1L/w=="
    }
  }
}
