{
  "name": "node-red-contrib-prib-functions",
  "version": "0.9.4",
  "lockfileVersion": 1,
  "requires": true,
  "dependencies": {
    "node-red-contrib-logger": {
      "version": "0.0.2",
      "resolved": "https://registry.npmjs.org/node-red-contrib-logger/-/node-red-contrib-logger-0.0.2.tgz",
      "integrity": "sha512-CW1j5mZDMx+EWpzpA9Z0RPsippmhHkQRMiqmyVSpAFiTA1p+cEu7hG+oRdHzvcRV4b9uFdLYDQTn4LkforzItA=="
    }
  }
}
